
Microsoft Visual Studio Solution File, Format Version 12.00
# Visual Studio Version 16
VisualStudioVersion = 16.0.30804.86
MinimumVisualStudioVersion = 10.0.40219.1
Project("{FAE04EC0-301F-11D3-BF4B-00C04F79EFBC}") = "SIAOD", "SIAOD\SIAOD.csproj", "{105AF4F6-F499-4E24-8838-DC6243CB02EE}"
EndProject
Global
	GlobalSection(SolutionConfigurationPlatforms) = preSolution
		Debug|Any CPU = Debug|Any CPU
		Release|Any CPU = Release|Any CPU
	EndGlobalSection
	GlobalSection(ProjectConfigurationPlatforms) = postSolution
		{105AF4F6-F499-4E24-8838-DC6243CB02EE}.Debug|Any CPU.ActiveCfg = Debug|Any CPU
		{105AF4F6-F499-4E24-8838-DC6243CB02EE}.Debug|Any CPU.Build.0 = Debug|Any CPU
		{105AF4F6-F499-4E24-8838-DC6243CB02EE}.Release|Any CPU.ActiveCfg = Release|Any CPU
		{105AF4F6-F499-4E24-8838-DC6243CB02EE}.Release|Any CPU.Build.0 = Release|Any CPU
	EndGlobalSection
	GlobalSection(SolutionProperties) = preSolution
		HideSolutionNode = FALSE
	EndGlobalSection
	GlobalSection(ExtensibilityGlobals) = postSolution
		SolutionGuid = {6351BE2D-5EA1-4CF1-83D4-8C693928B322}
	EndGlobalSection
EndGlobal
